
Microsoft Visual Studio Solution File, Format Version 12.00
# Visual Studio Version 16
VisualStudioVersion = 16.0.30907.101
MinimumVisualStudioVersion = 10.0.40219.1
Project("{FAE04EC0-301F-11D3-BF4B-00C04F79EFBC}") = "OOP-MOVIENIGHT2", "OOP-MOVIENIGHT2\OOP-MOVIENIGHT2.csproj", "{9BF26A30-8D05-4270-91D2-5039A1D9F46D}"
EndProject
Global
	GlobalSection(SolutionConfigurationPlatforms) = preSolution
		Debug|Any CPU = Debug|Any CPU
		Release|Any CPU = Release|Any CPU
	EndGlobalSection
	GlobalSection(ProjectConfigurationPlatforms) = postSolution
		{9BF26A30-8D05-4270-91D2-5039A1D9F46D}.Debug|Any CPU.ActiveCfg = Debug|Any CPU
		{9BF26A30-8D05-4270-91D2-5039A1D9F46D}.Debug|Any CPU.Build.0 = Debug|Any CPU
		{9BF26A30-8D05-4270-91D2-5039A1D9F46D}.Release|Any CPU.ActiveCfg = Release|Any CPU
		{9BF26A30-8D05-4270-91D2-5039A1D9F46D}.Release|Any CPU.Build.0 = Release|Any CPU
	EndGlobalSection
	GlobalSection(SolutionProperties) = preSolution
		HideSolutionNode = FALSE
	EndGlobalSection
	GlobalSection(ExtensibilityGlobals) = postSolution
		SolutionGuid = {BB528CB6-819D-44CF-977E-5A3624782CE4}
	EndGlobalSection
EndGlobal
